<?xml version="1.0" encoding="utf-8"?>
<Project ToolsVersion="4.0" xmlns="http://schemas.microsoft.com/developer/msbuild/2003">
  <ItemGroup>
    <Filter Include="Source Files">
      <UniqueIdentifier>{4FC737F1-C7A5-4376-A066-2A32D752A2FF}</UniqueIdentifier>
      <Extensions>cpp;c;cc;cxx;def;odl;idl;hpj;bat;asm;asmx</Extensions>
    </Filter>
    <Filter Include="Header Files">
      <UniqueIdentifier>{93995380-89BD-4b04-88EB-625FBE52EBFB}</UniqueIdentifier>
      <Extensions>h;hpp;hxx;hm;inl;inc;xsd</Extensions>
    </Filter>
    <Filter Include="Resource Files">
      <UniqueIdentifier>{67DA6AB6-F800-4c08-8B7A-83BB121AAD01}</UniqueIdentifier>
      <Extensions>rc;ico;cur;bmp;dlg;rc2;rct;bin;rgs;gif;jpg;jpeg;jpe;resx;tiff;tif;png;wav;mfcribbon-ms</Extensions>
    </Filter>
    <Filter Include="Resource Files\SFML-R">
      <UniqueIdentifier>{a8c59266-4605-4880-8660-1b51c75ea753}</UniqueIdentifier>
    </Filter>
    <Filter Include="Resource Files\SFML-D">
      <UniqueIdentifier>{87c4c0de-a822-4e4e-9046-9b137dab0b8e}</UniqueIdentifier>
    </Filter>
    <Filter Include="Source Files\System">
      <UniqueIdentifier>{28cbc0ed-2718-4675-b684-60a3d288847d}</UniqueIdentifier>
    </Filter>
    <Filter Include="Header Files\System">
      <UniqueIdentifier>{2293cd4a-cc03-4cae-b427-462f4a2bf1c4}</UniqueIdentifier>
    </Filter>
    <Filter Include="Header Files\Graphics">
      <UniqueIdentifier>{18c2ed45-d587-4f20-b60e-f923917a0a1f}</UniqueIdentifier>
    </Filter>
    <Filter Include="Source Files\Graphics">
      <UniqueIdentifier>{a5bbf6a3-d784-48b9-837f-b8da9bfa3a12}</UniqueIdentifier>
    </Filter>
    <Filter Include="Header Files\Math">
      <UniqueIdentifier>{eccc4ce3-cb6d-4615-9c4b-07bc542ab140}</UniqueIdentifier>
    </Filter>
    <Filter Include="Source Files\Math">
      <UniqueIdentifier>{03665022-301f-4368-92ed-82fbbf76c858}</UniqueIdentifier>
    </Filter>
    <Filter Include="Source Files\Entities">
      <UniqueIdentifier>{5d46d633-c07b-4830-af5b-6f74eb4a68f4}</UniqueIdentifier>
    </Filter>
    <Filter Include="Resource Files\AnimLib">
      <UniqueIdentifier>{639f6252-d96b-49e9-8727-437c6b5161d8}</UniqueIdentifier>
    </Filter>
    <Filter Include="Header Files\States">
      <UniqueIdentifier>{2cdbd43d-d7c8-49d5-853c-83575864e42f}</UniqueIdentifier>
    </Filter>
    <Filter Include="Source Files\States">
      <UniqueIdentifier>{1b53b3a2-a917-4f4f-878f-8e87d406abe2}</UniqueIdentifier>
    </Filter>
    <Filter Include="Resource Files\GLEW">
      <UniqueIdentifier>{d38446fc-5fe3-413c-b5e0-414675021d1d}</UniqueIdentifier>
    </Filter>
    <Filter Include="Resource Files\GLUT">
      <UniqueIdentifier>{e8cb1a33-6e67-4dd1-a164-e3619b6c3c45}</UniqueIdentifier>
    </Filter>
    <Filter Include="Header Files\Entities">
      <UniqueIdentifier>{c92b91f6-a96c-4319-b315-97fcfacd18b5}</UniqueIdentifier>
    </Filter>
  </ItemGroup>
  <ItemGroup>
    <ClCompile Include="..\Source\main.cpp">
      <Filter>Source Files</Filter>
    </ClCompile>
    <ClCompile Include="..\Source\Engine\Graphics\OpenGL.cpp">
      <Filter>Source Files\Graphics</Filter>
    </ClCompile>
    <ClCompile Include="..\Source\Engine\Game.cpp">
      <Filter>Source Files</Filter>
    </ClCompile>
    <ClCompile Include="..\Source\Engine\Graphics\Light.cpp">
      <Filter>Source Files\Graphics</Filter>
    </ClCompile>
    <ClCompile Include="..\Source\Engine\Graphics\Texture.cpp">
      <Filter>Source Files\Graphics</Filter>
    </ClCompile>
    <ClCompile Include="..\Source\Engine\Math\QAngle.cpp">
      <Filter>Source Files\Math</Filter>
    </ClCompile>
    <ClCompile Include="..\Source\Engine\System\Events.cpp">
      <Filter>Source Files\System</Filter>
    </ClCompile>
    <ClCompile Include="..\Source\Engine\Graphics\Material.cpp">
      <Filter>Source Files\Graphics</Filter>
    </ClCompile>
    <ClCompile Include="..\Source\Engine\Graphics\Color.cpp">
      <Filter>Source Files\Graphics</Filter>
    </ClCompile>
    <ClCompile Include="..\Source\Engine\System\Utility.cpp">
      <Filter>Source Files\System</Filter>
    </ClCompile>
    <ClCompile Include="..\Source\Engine\System\File.cpp">
      <Filter>Source Files\System</Filter>
    </ClCompile>
    <ClCompile Include="..\Source\Engine\Math\LineSeg.cpp">
      <Filter>Source Files\Math</Filter>
    </ClCompile>
    <ClCompile Include="..\Source\Engine\Math\Plane.cpp">
      <Filter>Source Files\Math</Filter>
    </ClCompile>
    <ClCompile Include="..\Source\Engine\Graphics\StaticMesh.cpp">
      <Filter>Source Files\Graphics</Filter>
    </ClCompile>
    <ClCompile Include="..\Source\Engine\System\Entity.cpp">
      <Filter>Source Files\System</Filter>
    </ClCompile>
    <ClCompile Include="..\Source\Engine\Entities\Spaceship.cpp">
      <Filter>Source Files\Entities</Filter>
    </ClCompile>
    <ClCompile Include="..\Source\Engine\Math\EAngle.cpp">
      <Filter>Source Files\Math</Filter>
    </ClCompile>
    <ClCompile Include="..\Source\Engine\Math\BBox.cpp">
      <Filter>Source Files\Math</Filter>
    </ClCompile>
    <ClCompile Include="..\Source\Engine\Math\Octree.cpp">
      <Filter>Source Files\Math</Filter>
    </ClCompile>
    <ClCompile Include="..\Source\Engine\System\Timer.cpp">
      <Filter>Source Files\System</Filter>
    </ClCompile>
    <ClCompile Include="..\Source\Engine\Graphics\Billboard.cpp">
      <Filter>Source Files\Graphics</Filter>
    </ClCompile>
    <ClCompile Include="..\Source\Engine\States\RenderState.cpp">
      <Filter>Source Files\States</Filter>
    </ClCompile>
    <ClCompile Include="..\Source\Engine\Entities\MoveCam.cpp">
      <Filter>Source Files\Entities</Filter>
    </ClCompile>
    <ClCompile Include="..\Source\Engine\Entities\SquareRoom.cpp">
      <Filter>Source Files\Entities</Filter>
    </ClCompile>
    <ClCompile Include="..\Source\Engine\Entities\SpinnyGlobe.cpp">
      <Filter>Source Files\Entities</Filter>
    </ClCompile>
    <ClCompile Include="..\Source\Engine\Entities\Particle.cpp">
      <Filter>Source Files\Entities</Filter>
    </ClCompile>
    <ClCompile Include="..\Source\Engine\Graphics\Emitter.cpp">
      <Filter>Source Files\Graphics</Filter>
    </ClCompile>
    <ClCompile Include="..\Source\Engine\Math\Physics.cpp">
      <Filter>Source Files\Math</Filter>
    </ClCompile>
    <ClCompile Include="..\Source\Engine\States\PhysicsState.cpp">
      <Filter>Source Files\States</Filter>
    </ClCompile>
    <ClCompile Include="..\Source\Engine\Entities\BouncyBall.cpp">
      <Filter>Source Files\Entities</Filter>
    </ClCompile>
    <ClCompile Include="..\Source\Engine\States\ShaderState.cpp">
      <Filter>Source Files\States</Filter>
    </ClCompile>
    <ClCompile Include="..\Source\Engine\Graphics\Shader.cpp">
      <Filter>Source Files\Graphics</Filter>
    </ClCompile>
    <ClCompile Include="..\Source\Engine\Graphics\Render.cpp">
      <Filter>Source Files\Graphics</Filter>
    </ClCompile>
    <ClCompile Include="..\Source\Engine\Graphics\RTarget.cpp">
      <Filter>Source Files\Graphics</Filter>
    </ClCompile>
    <ClCompile Include="..\Source\Engine\States\PlayingState.cpp">
      <Filter>Source Files\States</Filter>
    </ClCompile>
    <ClCompile Include="..\Source\Engine\Entities\Planet.cpp">
      <Filter>Source Files\Entities</Filter>
    </ClCompile>
    <ClCompile Include="..\Source\Engine\Entities\ChaseCam.cpp">
      <Filter>Source Files\Entities</Filter>
    </ClCompile>
    <ClCompile Include="..\Source\Engine\Entities\PropPhysics.cpp">
      <Filter>Source Files\Entities</Filter>
    </ClCompile>
  </ItemGroup>
  <ItemGroup>
    <Library Include="..\..\AnimLib\lib\AnimLib.lib">
      <Filter>Resource Files\AnimLib</Filter>
    </Library>
    <Library Include="..\..\AnimLib\lib\AnimLib-d.lib">
      <Filter>Resource Files\AnimLib</Filter>
    </Library>
    <Library Include="..\..\GLEW\lib\glew32.lib">
      <Filter>Resource Files\GLEW</Filter>
    </Library>
    <Library Include="..\..\GLUT\lib\glut32.lib">
      <Filter>Resource Files\GLUT</Filter>
    </Library>
    <Library Include="..\..\SFML\lib\sfml-audio-d.lib">
      <Filter>Resource Files\SFML-D</Filter>
    </Library>
    <Library Include="..\..\SFML\lib\sfml-graphics-d.lib">
      <Filter>Resource Files\SFML-D</Filter>
    </Library>
    <Library Include="..\..\SFML\lib\sfml-main-d.lib">
      <Filter>Resource Files\SFML-D</Filter>
    </Library>
    <Library Include="..\..\SFML\lib\sfml-network-d.lib">
      <Filter>Resource Files\SFML-D</Filter>
    </Library>
    <Library Include="..\..\SFML\lib\sfml-system-d.lib">
      <Filter>Resource Files\SFML-D</Filter>
    </Library>
    <Library Include="..\..\SFML\lib\sfml-window-d.lib">
      <Filter>Resource Files\SFML-D</Filter>
    </Library>
    <Library Include="..\..\SFML\lib\sfml-window.lib">
      <Filter>Resource Files\SFML-R</Filter>
    </Library>
    <Library Include="..\..\SFML\lib\sfml-audio.lib">
      <Filter>Resource Files\SFML-R</Filter>
    </Library>
    <Library Include="..\..\SFML\lib\sfml-graphics.lib">
      <Filter>Resource Files\SFML-R</Filter>
    </Library>
    <Library Include="..\..\SFML\lib\sfml-main.lib">
      <Filter>Resource Files\SFML-R</Filter>
    </Library>
    <Library Include="..\..\SFML\lib\sfml-network.lib">
      <Filter>Resource Files\SFML-R</Filter>
    </Library>
    <Library Include="..\..\SFML\lib\sfml-system.lib">
      <Filter>Resource Files\SFML-R</Filter>
    </Library>
  </ItemGroup>
  <ItemGroup>
    <ClInclude Include="..\Source\Engine\Graphics\OpenGL.h">
      <Filter>Header Files\Graphics</Filter>
    </ClInclude>
    <ClInclude Include="..\Source\Engine\System\Singleton.h">
      <Filter>Header Files\System</Filter>
    </ClInclude>
    <ClInclude Include="..\Source\Engine\Game.h">
      <Filter>Header Files</Filter>
    </ClInclude>
    <ClInclude Include="..\source\engine\graphics\Light.h">
      <Filter>Header Files\Graphics</Filter>
    </ClInclude>
    <ClInclude Include="..\Source\Engine\Graphics\Texture.h">
      <Filter>Header Files\Graphics</Filter>
    </ClInclude>
    <ClInclude Include="..\Source\Engine\System\Component.h">
      <Filter>Header Files\System</Filter>
    </ClInclude>
    <ClInclude Include="..\Source\Engine\Math\Vector3.h">
      <Filter>Header Files\Math</Filter>
    </ClInclude>
    <ClInclude Include="..\Source\Engine\Math\QAngle.h">
      <Filter>Header Files\Math</Filter>
    </ClInclude>
    <ClInclude Include="..\Source\Engine\System\Asset.h">
      <Filter>Header Files\System</Filter>
    </ClInclude>
    <ClInclude Include="..\Source\Engine\System\Events.h">
      <Filter>Header Files\System</Filter>
    </ClInclude>
    <ClInclude Include="..\Source\Engine\Graphics\Material.h">
      <Filter>Header Files\Graphics</Filter>
    </ClInclude>
    <ClInclude Include="..\Source\Engine\Graphics\Color.h">
      <Filter>Header Files\Graphics</Filter>
    </ClInclude>
    <ClInclude Include="..\Source\Engine\Math\Point.h">
      <Filter>Header Files\Math</Filter>
    </ClInclude>
    <ClInclude Include="..\Source\Engine\System\Utility.h">
      <Filter>Header Files\System</Filter>
    </ClInclude>
    <ClInclude Include="..\Source\Engine\System\File.h">
      <Filter>Header Files\System</Filter>
    </ClInclude>
    <ClInclude Include="..\Source\Engine\Math\LineSeg.h">
      <Filter>Header Files\Math</Filter>
    </ClInclude>
    <ClInclude Include="..\Source\Engine\Math\Plane.h">
      <Filter>Header Files\Math</Filter>
    </ClInclude>
    <ClInclude Include="..\Source\Engine\Graphics.h">
      <Filter>Header Files</Filter>
    </ClInclude>
    <ClInclude Include="..\Source\Engine\System.h">
      <Filter>Header Files</Filter>
    </ClInclude>
    <ClInclude Include="..\Source\Engine\Math.h">
      <Filter>Header Files</Filter>
    </ClInclude>
    <ClInclude Include="..\Source\Engine\Graphics\StaticMesh.h">
      <Filter>Header Files\Graphics</Filter>
    </ClInclude>
    <ClInclude Include="..\Source\Engine\System\Entity.h">
      <Filter>Header Files\System</Filter>
    </ClInclude>
    <ClInclude Include="..\Source\Engine\Entities\Spaceship.h">
      <Filter>Header Files\Entities</Filter>
    </ClInclude>
    <ClInclude Include="..\Source\Engine\Math\EAngle.h">
      <Filter>Header Files\Math</Filter>
    </ClInclude>
    <ClInclude Include="..\Source\Engine\Math\BBox.h">
      <Filter>Header Files\Math</Filter>
    </ClInclude>
    <ClInclude Include="..\Source\Engine\Math\Octree.h">
      <Filter>Header Files\Math</Filter>
    </ClInclude>
    <ClInclude Include="..\Source\Engine\Graphics\Triangle.h">
      <Filter>Header Files\Graphics</Filter>
    </ClInclude>
    <ClInclude Include="..\Source\Engine\Graphics\Vertex.h">
      <Filter>Header Files\Graphics</Filter>
    </ClInclude>
    <ClInclude Include="..\Source\Engine\Settings.h">
      <Filter>Header Files</Filter>
    </ClInclude>
    <ClInclude Include="..\Source\Engine\System\Timer.h">
      <Filter>Header Files\System</Filter>
    </ClInclude>
    <ClInclude Include="..\Source\Engine\System\State.h">
      <Filter>Header Files\System</Filter>
    </ClInclude>
    <ClInclude Include="..\Source\Engine\Graphics\Billboard.h">
      <Filter>Header Files\Graphics</Filter>
    </ClInclude>
    <ClInclude Include="..\Source\Engine\States\RenderState.h">
      <Filter>Header Files\States</Filter>
    </ClInclude>
    <ClInclude Include="..\Source\Engine\Entities\MoveCam.h">
      <Filter>Header Files\Entities</Filter>
    </ClInclude>
    <ClInclude Include="..\Source\Engine\Entities\SquareRoom.h">
      <Filter>Header Files\Entities</Filter>
    </ClInclude>
    <ClInclude Include="..\Source\Engine\Entities\SpinnyGlobe.h">
      <Filter>Header Files\Entities</Filter>
    </ClInclude>
    <ClInclude Include="..\Source\Engine\Entities\Particle.h">
      <Filter>Header Files\Entities</Filter>
    </ClInclude>
    <ClInclude Include="..\Source\Engine\Graphics\Emitter.h">
      <Filter>Header Files\Graphics</Filter>
    </ClInclude>
    <ClInclude Include="..\Source\Engine\Math\Physics.h">
      <Filter>Header Files\Math</Filter>
    </ClInclude>
    <ClInclude Include="..\Source\Engine\States\PhysicsState.h">
      <Filter>Header Files\States</Filter>
    </ClInclude>
    <ClInclude Include="..\Source\Engine\Entities\BouncyBall.h">
      <Filter>Header Files\Entities</Filter>
    </ClInclude>
    <ClInclude Include="..\Source\Engine\States\ShaderState.h">
      <Filter>Header Files\States</Filter>
    </ClInclude>
    <ClInclude Include="..\source\engine\graphics\Shader.h">
      <Filter>Header Files\Graphics</Filter>
    </ClInclude>
    <ClInclude Include="..\Source\Engine\Graphics\Render.h">
      <Filter>Header Files\Graphics</Filter>
    </ClInclude>
    <ClInclude Include="..\Source\Engine\Graphics\RTarget.h">
      <Filter>Header Files\Graphics</Filter>
    </ClInclude>
    <ClInclude Include="..\Source\Engine\States\PlayingState.h">
      <Filter>Header Files\States</Filter>
    </ClInclude>
    <ClInclude Include="..\Source\Engine\Entities\Planet.h">
      <Filter>Header Files\Entities</Filter>
    </ClInclude>
    <ClInclude Include="..\Source\Engine\Entities\ChaseCam.h">
      <Filter>Header Files\Entities</Filter>
    </ClInclude>
    <ClInclude Include="..\Source\Engine\Entities\PropPhysics.h">
      <Filter>Header Files\Entities</Filter>
    </ClInclude>
  </ItemGroup>
</Project>